
Microsoft Visual Studio Solution File, Format Version 12.00
# Visual Studio 15
VisualStudioVersion = 15.0.27703.2018
MinimumVisualStudioVersion = 10.0.40219.1
Project("{F184B08F-C81C-45F6-A57F-5ABD9991F28F}") = "Acte de Mariage", "Acte de Mariage\Acte de Mariage.vbproj", "{7A6DF60F-6382-454E-88DD-CDD65A5B2FD3}"
EndProject
Project("{F184B08F-C81C-45F6-A57F-5ABD9991F28F}") = "Etat_CivilModels", "Etat_CivilModels\Etat_CivilModels.vbproj", "{0AD7989B-1ECB-491B-8330-C0219054BBD9}"
EndProject
Global
	GlobalSection(SolutionConfigurationPlatforms) = preSolution
		Debug|Any CPU = Debug|Any CPU
		Release|Any CPU = Release|Any CPU
	EndGlobalSection
	GlobalSection(ProjectConfigurationPlatforms) = postSolution
		{7A6DF60F-6382-454E-88DD-CDD65A5B2FD3}.Debug|Any CPU.ActiveCfg = Debug|Any CPU
		{7A6DF60F-6382-454E-88DD-CDD65A5B2FD3}.Debug|Any CPU.Build.0 = Debug|Any CPU
		{7A6DF60F-6382-454E-88DD-CDD65A5B2FD3}.Release|Any CPU.ActiveCfg = Release|Any CPU
		{7A6DF60F-6382-454E-88DD-CDD65A5B2FD3}.Release|Any CPU.Build.0 = Release|Any CPU
		{0AD7989B-1ECB-491B-8330-C0219054BBD9}.Debug|Any CPU.ActiveCfg = Debug|Any CPU
		{0AD7989B-1ECB-491B-8330-C0219054BBD9}.Debug|Any CPU.Build.0 = Debug|Any CPU
		{0AD7989B-1ECB-491B-8330-C0219054BBD9}.Release|Any CPU.ActiveCfg = Release|Any CPU
		{0AD7989B-1ECB-491B-8330-C0219054BBD9}.Release|Any CPU.Build.0 = Release|Any CPU
	EndGlobalSection
	GlobalSection(SolutionProperties) = preSolution
		HideSolutionNode = FALSE
	EndGlobalSection
	GlobalSection(ExtensibilityGlobals) = postSolution
		SolutionGuid = {EF9D4786-722B-4BE2-B39F-746364307D6E}
	EndGlobalSection
EndGlobal
